
Microsoft Visual Studio Solution File, Format Version 12.00
Project("{FAE04EC0-301F-11D3-BF4B-00C04F79EFBC}") = "api-events", "api-events\api-events.csproj", "{123CD961-5959-4054-95A6-BBB961C6F935}"
EndProject
Project("{FAE04EC0-301F-11D3-BF4B-00C04F79EFBC}") = "api-events-test", "api-events-test\api-events-test.csproj", "{707C6E34-82CE-4917-8696-393A03ACE5C5}"
EndProject
Global
	GlobalSection(SolutionConfigurationPlatforms) = preSolution
		Debug|Any CPU = Debug|Any CPU
		Release|Any CPU = Release|Any CPU
	EndGlobalSection
	GlobalSection(ProjectConfigurationPlatforms) = postSolution
		{123CD961-5959-4054-95A6-BBB961C6F935}.Debug|Any CPU.ActiveCfg = Debug|Any CPU
		{123CD961-5959-4054-95A6-BBB961C6F935}.Debug|Any CPU.Build.0 = Debug|Any CPU
		{123CD961-5959-4054-95A6-BBB961C6F935}.Release|Any CPU.ActiveCfg = Release|Any CPU
		{123CD961-5959-4054-95A6-BBB961C6F935}.Release|Any CPU.Build.0 = Release|Any CPU
		{707C6E34-82CE-4917-8696-393A03ACE5C5}.Debug|Any CPU.ActiveCfg = Debug|Any CPU
		{707C6E34-82CE-4917-8696-393A03ACE5C5}.Debug|Any CPU.Build.0 = Debug|Any CPU
		{707C6E34-82CE-4917-8696-393A03ACE5C5}.Release|Any CPU.ActiveCfg = Release|Any CPU
		{707C6E34-82CE-4917-8696-393A03ACE5C5}.Release|Any CPU.Build.0 = Release|Any CPU
	EndGlobalSection
EndGlobal
