
Microsoft Visual Studio Solution File, Format Version 12.00
Project("{FAE04EC0-301F-11D3-BF4B-00C04F79EFBC}") = "JwtMiddleware", "JwtMiddleware\JwtMiddleware.csproj", "{D2F81758-8D8D-4FF4-8A8C-EB2EEE62AAC8}"
EndProject
Global
	GlobalSection(SolutionConfigurationPlatforms) = preSolution
		Debug|Any CPU = Debug|Any CPU
		Release|Any CPU = Release|Any CPU
	EndGlobalSection
	GlobalSection(ProjectConfigurationPlatforms) = postSolution
		{D2F81758-8D8D-4FF4-8A8C-EB2EEE62AAC8}.Debug|Any CPU.ActiveCfg = Debug|Any CPU
		{D2F81758-8D8D-4FF4-8A8C-EB2EEE62AAC8}.Debug|Any CPU.Build.0 = Debug|Any CPU
		{D2F81758-8D8D-4FF4-8A8C-EB2EEE62AAC8}.Release|Any CPU.ActiveCfg = Release|Any CPU
		{D2F81758-8D8D-4FF4-8A8C-EB2EEE62AAC8}.Release|Any CPU.Build.0 = Release|Any CPU
	EndGlobalSection
EndGlobal
